// !$*UTF8*$!
{
	archiveVersion = 1;
	classes = {
	};
	objectVersion = 55;
	objects = {

/* Begin PBXBuildFile section */
		3D3FFECC27592F7D00744A30 /* AppDelegate.swift in Sources */ = {isa = PBXBuildFile; fileRef = 3D3FFECB27592F7D00744A30 /* AppDelegate.swift */; };
		3D3FFECE27592F7D00744A30 /* SceneDelegate.swift in Sources */ = {isa = PBXBuildFile; fileRef = 3D3FFECD27592F7D00744A30 /* SceneDelegate.swift */; };
		3D3FFED527592F7E00744A30 /* Assets.xcassets in Resources */ = {isa = PBXBuildFile; fileRef = 3D3FFED427592F7E00744A30 /* Assets.xcassets */; };
		3D3FFED827592F7E00744A30 /* LaunchScreen.storyboard in Resources */ = {isa = PBXBuildFile; fileRef = 3D3FFED627592F7E00744A30 /* LaunchScreen.storyboard */; };
		3D3FFEE327592F7E00744A30 /* BitpandaChallengeTests.swift in Sources */ = {isa = PBXBuildFile; fileRef = 3D3FFEE227592F7E00744A30 /* BitpandaChallengeTests.swift */; };
		3D3FFEED27592F7E00744A30 /* BitpandaChallengeUITests.swift in Sources */ = {isa = PBXBuildFile; fileRef = 3D3FFEEC27592F7E00744A30 /* BitpandaChallengeUITests.swift */; };
		3D3FFEEF27592F7E00744A30 /* BitpandaChallengeUITestsLaunchTests.swift in Sources */ = {isa = PBXBuildFile; fileRef = 3D3FFEEE27592F7E00744A30 /* BitpandaChallengeUITestsLaunchTests.swift */; };
		3D3FFEFC2759307800744A30 /* TabBarController.swift in Sources */ = {isa = PBXBuildFile; fileRef = 3D3FFEFB2759307800744A30 /* TabBarController.swift */; };
		3D3FFEFF275930FB00744A30 /* SnapKit in Frameworks */ = {isa = PBXBuildFile; productRef = 3D3FFEFE275930FB00744A30 /* SnapKit */; };
		3D3FFF032760CE7900744A30 /* AssetViewController.swift in Sources */ = {isa = PBXBuildFile; fileRef = 3D3FFF022760CE7900744A30 /* AssetViewController.swift */; };
		3D3FFF052760CE8D00744A30 /* WalletViewController.swift in Sources */ = {isa = PBXBuildFile; fileRef = 3D3FFF042760CE8D00744A30 /* WalletViewController.swift */; };
		3D3FFF072760CF5C00744A30 /* Tab.swift in Sources */ = {isa = PBXBuildFile; fileRef = 3D3FFF062760CF5C00744A30 /* Tab.swift */; };
		3D3FFF0A27666AD600744A30 /* RxDataSources in Frameworks */ = {isa = PBXBuildFile; productRef = 3D3FFF0927666AD600744A30 /* RxDataSources */; };
		3D3FFF0D2769DD8800744A30 /* Cryptocoin.swift in Sources */ = {isa = PBXBuildFile; fileRef = 3D3FFF0C2769DD8800744A30 /* Cryptocoin.swift */; };
		3D3FFF0F2769DF4700744A30 /* Asset.swift in Sources */ = {isa = PBXBuildFile; fileRef = 3D3FFF0E2769DF4700744A30 /* Asset.swift */; };
		3D3FFF112769E76100744A30 /* Commodity.swift in Sources */ = {isa = PBXBuildFile; fileRef = 3D3FFF102769E76100744A30 /* Commodity.swift */; };
		3D3FFF132769E76A00744A30 /* Fiat.swift in Sources */ = {isa = PBXBuildFile; fileRef = 3D3FFF122769E76A00744A30 /* Fiat.swift */; };
		3D3FFF152769E7DE00744A30 /* Attributes.swift in Sources */ = {isa = PBXBuildFile; fileRef = 3D3FFF142769E7DE00744A30 /* Attributes.swift */; };
		3D3FFF172769E90500744A30 /* TabBarViewModel.swift in Sources */ = {isa = PBXBuildFile; fileRef = 3D3FFF162769E90500744A30 /* TabBarViewModel.swift */; };
		3D3FFF19276A2AFD00744A30 /* Mastrerdata.json in Resources */ = {isa = PBXBuildFile; fileRef = 3D3FFF18276A2AFD00744A30 /* Mastrerdata.json */; };
		3D3FFF1D276B642400744A30 /* AssetViewModel.swift in Sources */ = {isa = PBXBuildFile; fileRef = 3D3FFF1C276B642400744A30 /* AssetViewModel.swift */; };
		3D3FFF1F276B6FF800744A30 /* AssetTableViewCell.swift in Sources */ = {isa = PBXBuildFile; fileRef = 3D3FFF1E276B6FF800744A30 /* AssetTableViewCell.swift */; };
		3D3FFF21276B70B900744A30 /* AssetTableViewCellViewModel.swift in Sources */ = {isa = PBXBuildFile; fileRef = 3D3FFF20276B70B900744A30 /* AssetTableViewCellViewModel.swift */; };
		3D3FFF23276B732800744A30 /* Reusable.swift in Sources */ = {isa = PBXBuildFile; fileRef = 3D3FFF22276B732700744A30 /* Reusable.swift */; };
/* End PBXBuildFile section */

/* Begin PBXContainerItemProxy section */
		3D3FFEDF27592F7E00744A30 /* PBXContainerItemProxy */ = {
			isa = PBXContainerItemProxy;
			containerPortal = 3D3FFEC027592F7D00744A30 /* Project object */;
			proxyType = 1;
			remoteGlobalIDString = 3D3FFEC727592F7D00744A30;
			remoteInfo = BitpandaChallenge;
		};
		3D3FFEE927592F7E00744A30 /* PBXContainerItemProxy */ = {
			isa = PBXContainerItemProxy;
			containerPortal = 3D3FFEC027592F7D00744A30 /* Project object */;
			proxyType = 1;
			remoteGlobalIDString = 3D3FFEC727592F7D00744A30;
			remoteInfo = BitpandaChallenge;
		};
/* End PBXContainerItemProxy section */

/* Begin PBXFileReference section */
		3D3FFEC827592F7D00744A30 /* BitpandaChallenge.app */ = {isa = PBXFileReference; explicitFileType = wrapper.application; includeInIndex = 0; path = BitpandaChallenge.app; sourceTree = BUILT_PRODUCTS_DIR; };
		3D3FFECB27592F7D00744A30 /* AppDelegate.swift */ = {isa = PBXFileReference; lastKnownFileType = sourcecode.swift; path = AppDelegate.swift; sourceTree = "<group>"; };
		3D3FFECD27592F7D00744A30 /* SceneDelegate.swift */ = {isa = PBXFileReference; lastKnownFileType = sourcecode.swift; path = SceneDelegate.swift; sourceTree = "<group>"; };
		3D3FFED427592F7E00744A30 /* Assets.xcassets */ = {isa = PBXFileReference; lastKnownFileType = folder.assetcatalog; path = Assets.xcassets; sourceTree = "<group>"; };
		3D3FFED727592F7E00744A30 /* Base */ = {isa = PBXFileReference; lastKnownFileType = file.storyboard; name = Base; path = Base.lproj/LaunchScreen.storyboard; sourceTree = "<group>"; };
		3D3FFED927592F7E00744A30 /* Info.plist */ = {isa = PBXFileReference; lastKnownFileType = text.plist.xml; path = Info.plist; sourceTree = "<group>"; };
		3D3FFEDE27592F7E00744A30 /* BitpandaChallengeTests.xctest */ = {isa = PBXFileReference; explicitFileType = wrapper.cfbundle; includeInIndex = 0; path = BitpandaChallengeTests.xctest; sourceTree = BUILT_PRODUCTS_DIR; };
		3D3FFEE227592F7E00744A30 /* BitpandaChallengeTests.swift */ = {isa = PBXFileReference; lastKnownFileType = sourcecode.swift; path = BitpandaChallengeTests.swift; sourceTree = "<group>"; };
		3D3FFEE827592F7E00744A30 /* BitpandaChallengeUITests.xctest */ = {isa = PBXFileReference; explicitFileType = wrapper.cfbundle; includeInIndex = 0; path = BitpandaChallengeUITests.xctest; sourceTree = BUILT_PRODUCTS_DIR; };
		3D3FFEEC27592F7E00744A30 /* BitpandaChallengeUITests.swift */ = {isa = PBXFileReference; lastKnownFileType = sourcecode.swift; path = BitpandaChallengeUITests.swift; sourceTree = "<group>"; };
		3D3FFEEE27592F7E00744A30 /* BitpandaChallengeUITestsLaunchTests.swift */ = {isa = PBXFileReference; lastKnownFileType = sourcecode.swift; path = BitpandaChallengeUITestsLaunchTests.swift; sourceTree = "<group>"; };
		3D3FFEFB2759307800744A30 /* TabBarController.swift */ = {isa = PBXFileReference; lastKnownFileType = sourcecode.swift; path = TabBarController.swift; sourceTree = "<group>"; };
		3D3FFF022760CE7900744A30 /* AssetViewController.swift */ = {isa = PBXFileReference; lastKnownFileType = sourcecode.swift; path = AssetViewController.swift; sourceTree = "<group>"; };
		3D3FFF042760CE8D00744A30 /* WalletViewController.swift */ = {isa = PBXFileReference; lastKnownFileType = sourcecode.swift; path = WalletViewController.swift; sourceTree = "<group>"; };
		3D3FFF062760CF5C00744A30 /* Tab.swift */ = {isa = PBXFileReference; lastKnownFileType = sourcecode.swift; path = Tab.swift; sourceTree = "<group>"; };
		3D3FFF0C2769DD8800744A30 /* Cryptocoin.swift */ = {isa = PBXFileReference; lastKnownFileType = sourcecode.swift; path = Cryptocoin.swift; sourceTree = "<group>"; };
		3D3FFF0E2769DF4700744A30 /* Asset.swift */ = {isa = PBXFileReference; lastKnownFileType = sourcecode.swift; path = Asset.swift; sourceTree = "<group>"; };
		3D3FFF102769E76100744A30 /* Commodity.swift */ = {isa = PBXFileReference; lastKnownFileType = sourcecode.swift; path = Commodity.swift; sourceTree = "<group>"; };
		3D3FFF122769E76A00744A30 /* Fiat.swift */ = {isa = PBXFileReference; lastKnownFileType = sourcecode.swift; path = Fiat.swift; sourceTree = "<group>"; };
		3D3FFF142769E7DE00744A30 /* Attributes.swift */ = {isa = PBXFileReference; lastKnownFileType = sourcecode.swift; path = Attributes.swift; sourceTree = "<group>"; };
		3D3FFF162769E90500744A30 /* TabBarViewModel.swift */ = {isa = PBXFileReference; lastKnownFileType = sourcecode.swift; path = TabBarViewModel.swift; sourceTree = "<group>"; };
		3D3FFF18276A2AFD00744A30 /* Mastrerdata.json */ = {isa = PBXFileReference; fileEncoding = 4; lastKnownFileType = text.json; path = Mastrerdata.json; sourceTree = "<group>"; };
		3D3FFF1C276B642400744A30 /* AssetViewModel.swift */ = {isa = PBXFileReference; lastKnownFileType = sourcecode.swift; path = AssetViewModel.swift; sourceTree = "<group>"; };
		3D3FFF1E276B6FF800744A30 /* AssetTableViewCell.swift */ = {isa = PBXFileReference; lastKnownFileType = sourcecode.swift; path = AssetTableViewCell.swift; sourceTree = "<group>"; };
		3D3FFF20276B70B900744A30 /* AssetTableViewCellViewModel.swift */ = {isa = PBXFileReference; lastKnownFileType = sourcecode.swift; path = AssetTableViewCellViewModel.swift; sourceTree = "<group>"; };
		3D3FFF22276B732700744A30 /* Reusable.swift */ = {isa = PBXFileReference; lastKnownFileType = sourcecode.swift; path = Reusable.swift; sourceTree = "<group>"; };
/* End PBXFileReference section */

/* Begin PBXFrameworksBuildPhase section */
		3D3FFEC527592F7D00744A30 /* Frameworks */ = {
			isa = PBXFrameworksBuildPhase;
			buildActionMask = 2147483647;
			files = (
				3D3FFEFF275930FB00744A30 /* SnapKit in Frameworks */,
				3D3FFF0A27666AD600744A30 /* RxDataSources in Frameworks */,
			);
			runOnlyForDeploymentPostprocessing = 0;
		};
		3D3FFEDB27592F7E00744A30 /* Frameworks */ = {
			isa = PBXFrameworksBuildPhase;
			buildActionMask = 2147483647;
			files = (
			);
			runOnlyForDeploymentPostprocessing = 0;
		};
		3D3FFEE527592F7E00744A30 /* Frameworks */ = {
			isa = PBXFrameworksBuildPhase;
			buildActionMask = 2147483647;
			files = (
			);
			runOnlyForDeploymentPostprocessing = 0;
		};
/* End PBXFrameworksBuildPhase section */

/* Begin PBXGroup section */
		3D3FFEBF27592F7D00744A30 = {
			isa = PBXGroup;
			children = (
				3D3FFECA27592F7D00744A30 /* BitpandaChallenge */,
				3D3FFEE127592F7E00744A30 /* BitpandaChallengeTests */,
				3D3FFEEB27592F7E00744A30 /* BitpandaChallengeUITests */,
				3D3FFEC927592F7D00744A30 /* Products */,
			);
			sourceTree = "<group>";
		};
		3D3FFEC927592F7D00744A30 /* Products */ = {
			isa = PBXGroup;
			children = (
				3D3FFEC827592F7D00744A30 /* BitpandaChallenge.app */,
				3D3FFEDE27592F7E00744A30 /* BitpandaChallengeTests.xctest */,
				3D3FFEE827592F7E00744A30 /* BitpandaChallengeUITests.xctest */,
			);
			name = Products;
			sourceTree = "<group>";
		};
		3D3FFECA27592F7D00744A30 /* BitpandaChallenge */ = {
			isa = PBXGroup;
			children = (
				3D3FFF1B276A2B2400744A30 /* Sources */,
				3D3FFED427592F7E00744A30 /* Assets.xcassets */,
				3D3FFF002760CE4900744A30 /* AssetScreen */,
				3D3FFED927592F7E00744A30 /* Info.plist */,
				3D3FFED627592F7E00744A30 /* LaunchScreen.storyboard */,
				3D3FFF1A276A2B0500744A30 /* Resources */,
			);
			path = BitpandaChallenge;
			sourceTree = "<group>";
		};
		3D3FFEE127592F7E00744A30 /* BitpandaChallengeTests */ = {
			isa = PBXGroup;
			children = (
				3D3FFEE227592F7E00744A30 /* BitpandaChallengeTests.swift */,
			);
			path = BitpandaChallengeTests;
			sourceTree = "<group>";
		};
		3D3FFEEB27592F7E00744A30 /* BitpandaChallengeUITests */ = {
			isa = PBXGroup;
			children = (
				3D3FFEEC27592F7E00744A30 /* BitpandaChallengeUITests.swift */,
				3D3FFEEE27592F7E00744A30 /* BitpandaChallengeUITestsLaunchTests.swift */,
			);
			path = BitpandaChallengeUITests;
			sourceTree = "<group>";
		};
		3D3FFF002760CE4900744A30 /* AssetScreen */ = {
			isa = PBXGroup;
			children = (
				3D3FFF022760CE7900744A30 /* AssetViewController.swift */,
				3D3FFF1C276B642400744A30 /* AssetViewModel.swift */,
				3D3FFF1E276B6FF800744A30 /* AssetTableViewCell.swift */,
				3D3FFF20276B70B900744A30 /* AssetTableViewCellViewModel.swift */,
			);
			path = AssetScreen;
			sourceTree = "<group>";
		};
		3D3FFF012760CE5B00744A30 /* WalletScreen */ = {
			isa = PBXGroup;
			children = (
				3D3FFF042760CE8D00744A30 /* WalletViewController.swift */,
			);
			path = WalletScreen;
			sourceTree = "<group>";
		};
		3D3FFF0B2769DD7100744A30 /* Model */ = {
			isa = PBXGroup;
			children = (
				3D3FFF0C2769DD8800744A30 /* Cryptocoin.swift */,
				3D3FFF0E2769DF4700744A30 /* Asset.swift */,
				3D3FFF102769E76100744A30 /* Commodity.swift */,
				3D3FFF122769E76A00744A30 /* Fiat.swift */,
				3D3FFF142769E7DE00744A30 /* Attributes.swift */,
			);
			path = Model;
			sourceTree = "<group>";
		};
		3D3FFF1A276A2B0500744A30 /* Resources */ = {
			isa = PBXGroup;
			children = (
				3D3FFF18276A2AFD00744A30 /* Mastrerdata.json */,
			);
			path = Resources;
			sourceTree = "<group>";
		};
		3D3FFF1B276A2B2400744A30 /* Sources */ = {
			isa = PBXGroup;
			children = (
				3D3FFECB27592F7D00744A30 /* AppDelegate.swift */,
				3D3FFF0B2769DD7100744A30 /* Model */,
				3D3FFF22276B732700744A30 /* Reusable.swift */,
				3D3FFECD27592F7D00744A30 /* SceneDelegate.swift */,
				3D3FFF062760CF5C00744A30 /* Tab.swift */,
				3D3FFEFB2759307800744A30 /* TabBarController.swift */,
				3D3FFF162769E90500744A30 /* TabBarViewModel.swift */,
				3D3FFF012760CE5B00744A30 /* WalletScreen */,
			);
			path = Sources;
			sourceTree = "<group>";
		};
/* End PBXGroup section */

/* Begin PBXNativeTarget section */
		3D3FFEC727592F7D00744A30 /* BitpandaChallenge */ = {
			isa = PBXNativeTarget;
			buildConfigurationList = 3D3FFEF227592F7E00744A30 /* Build configuration list for PBXNativeTarget "BitpandaChallenge" */;
			buildPhases = (
				3D3FFEC427592F7D00744A30 /* Sources */,
				3D3FFEC527592F7D00744A30 /* Frameworks */,
				3D3FFEC627592F7D00744A30 /* Resources */,
			);
			buildRules = (
			);
			dependencies = (
			);
			name = BitpandaChallenge;
			packageProductDependencies = (
				3D3FFEFE275930FB00744A30 /* SnapKit */,
				3D3FFF0927666AD600744A30 /* RxDataSources */,
			);
			productName = BitpandaChallenge;
			productReference = 3D3FFEC827592F7D00744A30 /* BitpandaChallenge.app */;
			productType = "com.apple.product-type.application";
		};
		3D3FFEDD27592F7E00744A30 /* BitpandaChallengeTests */ = {
			isa = PBXNativeTarget;
			buildConfigurationList = 3D3FFEF527592F7E00744A30 /* Build configuration list for PBXNativeTarget "BitpandaChallengeTests" */;
			buildPhases = (
				3D3FFEDA27592F7E00744A30 /* Sources */,
				3D3FFEDB27592F7E00744A30 /* Frameworks */,
				3D3FFEDC27592F7E00744A30 /* Resources */,
			);
			buildRules = (
			);
			dependencies = (
				3D3FFEE027592F7E00744A30 /* PBXTargetDependency */,
			);
			name = BitpandaChallengeTests;
			productName = BitpandaChallengeTests;
			productReference = 3D3FFEDE27592F7E00744A30 /* BitpandaChallengeTests.xctest */;
			productType = "com.apple.product-type.bundle.unit-test";
		};
		3D3FFEE727592F7E00744A30 /* BitpandaChallengeUITests */ = {
			isa = PBXNativeTarget;
			buildConfigurationList = 3D3FFEF827592F7E00744A30 /* Build configuration list for PBXNativeTarget "BitpandaChallengeUITests" */;
			buildPhases = (
				3D3FFEE427592F7E00744A30 /* Sources */,
				3D3FFEE527592F7E00744A30 /* Frameworks */,
				3D3FFEE627592F7E00744A30 /* Resources */,
			);
			buildRules = (
			);
			dependencies = (
				3D3FFEEA27592F7E00744A30 /* PBXTargetDependency */,
			);
			name = BitpandaChallengeUITests;
			productName = BitpandaChallengeUITests;
			productReference = 3D3FFEE827592F7E00744A30 /* BitpandaChallengeUITests.xctest */;
			productType = "com.apple.product-type.bundle.ui-testing";
		};
/* End PBXNativeTarget section */

/* Begin PBXProject section */
		3D3FFEC027592F7D00744A30 /* Project object */ = {
			isa = PBXProject;
			attributes = {
				BuildIndependentTargetsInParallel = 1;
				LastSwiftUpdateCheck = 1300;
				LastUpgradeCheck = 1300;
				TargetAttributes = {
					3D3FFEC727592F7D00744A30 = {
						CreatedOnToolsVersion = 13.0;
					};
					3D3FFEDD27592F7E00744A30 = {
						CreatedOnToolsVersion = 13.0;
						TestTargetID = 3D3FFEC727592F7D00744A30;
					};
					3D3FFEE727592F7E00744A30 = {
						CreatedOnToolsVersion = 13.0;
						TestTargetID = 3D3FFEC727592F7D00744A30;
					};
				};
			};
			buildConfigurationList = 3D3FFEC327592F7D00744A30 /* Build configuration list for PBXProject "BitpandaChallenge" */;
			compatibilityVersion = "Xcode 13.0";
			developmentRegion = en;
			hasScannedForEncodings = 0;
			knownRegions = (
				en,
				Base,
			);
			mainGroup = 3D3FFEBF27592F7D00744A30;
			packageReferences = (
				3D3FFEFD275930FB00744A30 /* XCRemoteSwiftPackageReference "SnapKit" */,
				3D3FFF0827666AD600744A30 /* XCRemoteSwiftPackageReference "RxDataSources" */,
			);
			productRefGroup = 3D3FFEC927592F7D00744A30 /* Products */;
			projectDirPath = "";
			projectRoot = "";
			targets = (
				3D3FFEC727592F7D00744A30 /* BitpandaChallenge */,
				3D3FFEDD27592F7E00744A30 /* BitpandaChallengeTests */,
				3D3FFEE727592F7E00744A30 /* BitpandaChallengeUITests */,
			);
		};
/* End PBXProject section */

/* Begin PBXResourcesBuildPhase section */
		3D3FFEC627592F7D00744A30 /* Resources */ = {
			isa = PBXResourcesBuildPhase;
			buildActionMask = 2147483647;
			files = (
				3D3FFED827592F7E00744A30 /* LaunchScreen.storyboard in Resources */,
				3D3FFED527592F7E00744A30 /* Assets.xcassets in Resources */,
				3D3FFF19276A2AFD00744A30 /* Mastrerdata.json in Resources */,
			);
			runOnlyForDeploymentPostprocessing = 0;
		};
		3D3FFEDC27592F7E00744A30 /* Resources */ = {
			isa = PBXResourcesBuildPhase;
			buildActionMask = 2147483647;
			files = (
			);
			runOnlyForDeploymentPostprocessing = 0;
		};
		3D3FFEE627592F7E00744A30 /* Resources */ = {
			isa = PBXResourcesBuildPhase;
			buildActionMask = 2147483647;
			files = (
			);
			runOnlyForDeploymentPostprocessing = 0;
		};
/* End PBXResourcesBuildPhase section */

/* Begin PBXSourcesBuildPhase section */
		3D3FFEC427592F7D00744A30 /* Sources */ = {
			isa = PBXSourcesBuildPhase;
			buildActionMask = 2147483647;
			files = (
				3D3FFF1F276B6FF800744A30 /* AssetTableViewCell.swift in Sources */,
				3D3FFEFC2759307800744A30 /* TabBarController.swift in Sources */,
				3D3FFF132769E76A00744A30 /* Fiat.swift in Sources */,
				3D3FFF032760CE7900744A30 /* AssetViewController.swift in Sources */,
				3D3FFECC27592F7D00744A30 /* AppDelegate.swift in Sources */,
				3D3FFF172769E90500744A30 /* TabBarViewModel.swift in Sources */,
				3D3FFECE27592F7D00744A30 /* SceneDelegate.swift in Sources */,
				3D3FFF1D276B642400744A30 /* AssetViewModel.swift in Sources */,
				3D3FFF052760CE8D00744A30 /* WalletViewController.swift in Sources */,
				3D3FFF072760CF5C00744A30 /* Tab.swift in Sources */,
				3D3FFF21276B70B900744A30 /* AssetTableViewCellViewModel.swift in Sources */,
				3D3FFF152769E7DE00744A30 /* Attributes.swift in Sources */,
				3D3FFF23276B732800744A30 /* Reusable.swift in Sources */,
				3D3FFF0F2769DF4700744A30 /* Asset.swift in Sources */,
				3D3FFF0D2769DD8800744A30 /* Cryptocoin.swift in Sources */,
				3D3FFF112769E76100744A30 /* Commodity.swift in Sources */,
			);
			runOnlyForDeploymentPostprocessing = 0;
		};
		3D3FFEDA27592F7E00744A30 /* Sources */ = {
			isa = PBXSourcesBuildPhase;
			buildActionMask = 2147483647;
			files = (
				3D3FFEE327592F7E00744A30 /* BitpandaChallengeTests.swift in Sources */,
			);
			runOnlyForDeploymentPostprocessing = 0;
		};
		3D3FFEE427592F7E00744A30 /* Sources */ = {
			isa = PBXSourcesBuildPhase;
			buildActionMask = 2147483647;
			files = (
				3D3FFEED27592F7E00744A30 /* BitpandaChallengeUITests.swift in Sources */,
				3D3FFEEF27592F7E00744A30 /* BitpandaChallengeUITestsLaunchTests.swift in Sources */,
			);
			runOnlyForDeploymentPostprocessing = 0;
		};
/* End PBXSourcesBuildPhase section */

/* Begin PBXTargetDependency section */
		3D3FFEE027592F7E00744A30 /* PBXTargetDependency */ = {
			isa = PBXTargetDependency;
			target = 3D3FFEC727592F7D00744A30 /* BitpandaChallenge */;
			targetProxy = 3D3FFEDF27592F7E00744A30 /* PBXContainerItemProxy */;
		};
		3D3FFEEA27592F7E00744A30 /* PBXTargetDependency */ = {
			isa = PBXTargetDependency;
			target = 3D3FFEC727592F7D00744A30 /* BitpandaChallenge */;
			targetProxy = 3D3FFEE927592F7E00744A30 /* PBXContainerItemProxy */;
		};
/* End PBXTargetDependency section */

/* Begin PBXVariantGroup section */
		3D3FFED627592F7E00744A30 /* LaunchScreen.storyboard */ = {
			isa = PBXVariantGroup;
			children = (
				3D3FFED727592F7E00744A30 /* Base */,
			);
			name = LaunchScreen.storyboard;
			sourceTree = "<group>";
		};
/* End PBXVariantGroup section */

/* Begin XCBuildConfiguration section */
		3D3FFEF027592F7E00744A30 /* Debug */ = {
			isa = XCBuildConfiguration;
			buildSettings = {
				ALWAYS_SEARCH_USER_PATHS = NO;
				CLANG_ANALYZER_NONNULL = YES;
				CLANG_ANALYZER_NUMBER_OBJECT_CONVERSION = YES_AGGRESSIVE;
				CLANG_CXX_LANGUAGE_STANDARD = "gnu++17";
				CLANG_CXX_LIBRARY = "libc++";
				CLANG_ENABLE_MODULES = YES;
				CLANG_ENABLE_OBJC_ARC = YES;
				CLANG_ENABLE_OBJC_WEAK = YES;
				CLANG_WARN_BLOCK_CAPTURE_AUTORELEASING = YES;
				CLANG_WARN_BOOL_CONVERSION = YES;
				CLANG_WARN_COMMA = YES;
				CLANG_WARN_CONSTANT_CONVERSION = YES;
				CLANG_WARN_DEPRECATED_OBJC_IMPLEMENTATIONS = YES;
				CLANG_WARN_DIRECT_OBJC_ISA_USAGE = YES_ERROR;
				CLANG_WARN_DOCUMENTATION_COMMENTS = YES;
				CLANG_WARN_EMPTY_BODY = YES;
				CLANG_WARN_ENUM_CONVERSION = YES;
				CLANG_WARN_INFINITE_RECURSION = YES;
				CLANG_WARN_INT_CONVERSION = YES;
				CLANG_WARN_NON_LITERAL_NULL_CONVERSION = YES;
				CLANG_WARN_OBJC_IMPLICIT_RETAIN_SELF = YES;
				CLANG_WARN_OBJC_LITERAL_CONVERSION = YES;
				CLANG_WARN_OBJC_ROOT_CLASS = YES_ERROR;
				CLANG_WARN_QUOTED_INCLUDE_IN_FRAMEWORK_HEADER = YES;
				CLANG_WARN_RANGE_LOOP_ANALYSIS = YES;
				CLANG_WARN_STRICT_PROTOTYPES = YES;
				CLANG_WARN_SUSPICIOUS_MOVE = YES;
				CLANG_WARN_UNGUARDED_AVAILABILITY = YES_AGGRESSIVE;
				CLANG_WARN_UNREACHABLE_CODE = YES;
				CLANG_WARN__DUPLICATE_METHOD_MATCH = YES;
				COPY_PHASE_STRIP = NO;
				DEBUG_INFORMATION_FORMAT = dwarf;
				ENABLE_STRICT_OBJC_MSGSEND = YES;
				ENABLE_TESTABILITY = YES;
				GCC_C_LANGUAGE_STANDARD = gnu11;
				GCC_DYNAMIC_NO_PIC = NO;
				GCC_NO_COMMON_BLOCKS = YES;
				GCC_OPTIMIZATION_LEVEL = 0;
				GCC_PREPROCESSOR_DEFINITIONS = (
					"DEBUG=1",
					"$(inherited)",
				);
				GCC_WARN_64_TO_32_BIT_CONVERSION = YES;
				GCC_WARN_ABOUT_RETURN_TYPE = YES_ERROR;
				GCC_WARN_UNDECLARED_SELECTOR = YES;
				GCC_WARN_UNINITIALIZED_AUTOS = YES_AGGRESSIVE;
				GCC_WARN_UNUSED_FUNCTION = YES;
				GCC_WARN_UNUSED_VARIABLE = YES;
				IPHONEOS_DEPLOYMENT_TARGET = 15.0;
				MTL_ENABLE_DEBUG_INFO = INCLUDE_SOURCE;
				MTL_FAST_MATH = YES;
				ONLY_ACTIVE_ARCH = YES;
				SDKROOT = iphoneos;
				SWIFT_ACTIVE_COMPILATION_CONDITIONS = DEBUG;
				SWIFT_OPTIMIZATION_LEVEL = "-Onone";
			};
			name = Debug;
		};
		3D3FFEF127592F7E00744A30 /* Release */ = {
			isa = XCBuildConfiguration;
			buildSettings = {
				ALWAYS_SEARCH_USER_PATHS = NO;
				CLANG_ANALYZER_NONNULL = YES;
				CLANG_ANALYZER_NUMBER_OBJECT_CONVERSION = YES_AGGRESSIVE;
				CLANG_CXX_LANGUAGE_STANDARD = "gnu++17";
				CLANG_CXX_LIBRARY = "libc++";
				CLANG_ENABLE_MODULES = YES;
				CLANG_ENABLE_OBJC_ARC = YES;
				CLANG_ENABLE_OBJC_WEAK = YES;
				CLANG_WARN_BLOCK_CAPTURE_AUTORELEASING = YES;
				CLANG_WARN_BOOL_CONVERSION = YES;
				CLANG_WARN_COMMA = YES;
				CLANG_WARN_CONSTANT_CONVERSION = YES;
				CLANG_WARN_DEPRECATED_OBJC_IMPLEMENTATIONS = YES;
				CLANG_WARN_DIRECT_OBJC_ISA_USAGE = YES_ERROR;
				CLANG_WARN_DOCUMENTATION_COMMENTS = YES;
				CLANG_WARN_EMPTY_BODY = YES;
				CLANG_WARN_ENUM_CONVERSION = YES;
				CLANG_WARN_INFINITE_RECURSION = YES;
				CLANG_WARN_INT_CONVERSION = YES;
				CLANG_WARN_NON_LITERAL_NULL_CONVERSION = YES;
				CLANG_WARN_OBJC_IMPLICIT_RETAIN_SELF = YES;
				CLANG_WARN_OBJC_LITERAL_CONVERSION = YES;
				CLANG_WARN_OBJC_ROOT_CLASS = YES_ERROR;
				CLANG_WARN_QUOTED_INCLUDE_IN_FRAMEWORK_HEADER = YES;
				CLANG_WARN_RANGE_LOOP_ANALYSIS = YES;
				CLANG_WARN_STRICT_PROTOTYPES = YES;
				CLANG_WARN_SUSPICIOUS_MOVE = YES;
				CLANG_WARN_UNGUARDED_AVAILABILITY = YES_AGGRESSIVE;
				CLANG_WARN_UNREACHABLE_CODE = YES;
				CLANG_WARN__DUPLICATE_METHOD_MATCH = YES;
				COPY_PHASE_STRIP = NO;
				DEBUG_INFORMATION_FORMAT = "dwarf-with-dsym";
				ENABLE_NS_ASSERTIONS = NO;
				ENABLE_STRICT_OBJC_MSGSEND = YES;
				GCC_C_LANGUAGE_STANDARD = gnu11;
				GCC_NO_COMMON_BLOCKS = YES;
				GCC_WARN_64_TO_32_BIT_CONVERSION = YES;
				GCC_WARN_ABOUT_RETURN_TYPE = YES_ERROR;
				GCC_WARN_UNDECLARED_SELECTOR = YES;
				GCC_WARN_UNINITIALIZED_AUTOS = YES_AGGRESSIVE;
				GCC_WARN_UNUSED_FUNCTION = YES;
				GCC_WARN_UNUSED_VARIABLE = YES;
				IPHONEOS_DEPLOYMENT_TARGET = 15.0;
				MTL_ENABLE_DEBUG_INFO = NO;
				MTL_FAST_MATH = YES;
				SDKROOT = iphoneos;
				SWIFT_COMPILATION_MODE = wholemodule;
				SWIFT_OPTIMIZATION_LEVEL = "-O";
				VALIDATE_PRODUCT = YES;
			};
			name = Release;
		};
		3D3FFEF327592F7E00744A30 /* Debug */ = {
			isa = XCBuildConfiguration;
			buildSettings = {
				ASSETCATALOG_COMPILER_APPICON_NAME = AppIcon;
				ASSETCATALOG_COMPILER_GLOBAL_ACCENT_COLOR_NAME = AccentColor;
				CODE_SIGN_STYLE = Automatic;
				CURRENT_PROJECT_VERSION = 1;
				DEVELOPMENT_TEAM = J9P8F4UWBG;
				GENERATE_INFOPLIST_FILE = YES;
				INFOPLIST_FILE = BitpandaChallenge/Info.plist;
				INFOPLIST_KEY_UIApplicationSupportsIndirectInputEvents = YES;
				INFOPLIST_KEY_UILaunchStoryboardName = LaunchScreen;
				INFOPLIST_KEY_UISupportedInterfaceOrientations_iPad = "UIInterfaceOrientationPortrait UIInterfaceOrientationPortraitUpsideDown UIInterfaceOrientationLandscapeLeft UIInterfaceOrientationLandscapeRight";
				INFOPLIST_KEY_UISupportedInterfaceOrientations_iPhone = "UIInterfaceOrientationPortrait UIInterfaceOrientationLandscapeLeft UIInterfaceOrientationLandscapeRight";
				LD_RUNPATH_SEARCH_PATHS = (
					"$(inherited)",
					"@executable_path/Frameworks",
				);
				MARKETING_VERSION = 1.0;
				PRODUCT_BUNDLE_IDENTIFIER = akivlis.BitpandaChallenge;
				PRODUCT_NAME = "$(TARGET_NAME)";
				SWIFT_EMIT_LOC_STRINGS = YES;
				SWIFT_VERSION = 5.0;
				TARGETED_DEVICE_FAMILY = "1,2";
			};
			name = Debug;
		};
		3D3FFEF427592F7E00744A30 /* Release */ = {
			isa = XCBuildConfiguration;
			buildSettings = {
				ASSETCATALOG_COMPILER_APPICON_NAME = AppIcon;
				ASSETCATALOG_COMPILER_GLOBAL_ACCENT_COLOR_NAME = AccentColor;
				CODE_SIGN_STYLE = Automatic;
				CURRENT_PROJECT_VERSION = 1;
				DEVELOPMENT_TEAM = J9P8F4UWBG;
				GENERATE_INFOPLIST_FILE = YES;
				INFOPLIST_FILE = BitpandaChallenge/Info.plist;
				INFOPLIST_KEY_UIApplicationSupportsIndirectInputEvents = YES;
				INFOPLIST_KEY_UILaunchStoryboardName = LaunchScreen;
				INFOPLIST_KEY_UISupportedInterfaceOrientations_iPad = "UIInterfaceOrientationPortrait UIInterfaceOrientationPortraitUpsideDown UIInterfaceOrientationLandscapeLeft UIInterfaceOrientationLandscapeRight";
				INFOPLIST_KEY_UISupportedInterfaceOrientations_iPhone = "UIInterfaceOrientationPortrait UIInterfaceOrientationLandscapeLeft UIInterfaceOrientationLandscapeRight";
				LD_RUNPATH_SEARCH_PATHS = (
					"$(inherited)",
					"@executable_path/Frameworks",
				);
				MARKETING_VERSION = 1.0;
				PRODUCT_BUNDLE_IDENTIFIER = akivlis.BitpandaChallenge;
				PRODUCT_NAME = "$(TARGET_NAME)";
				SWIFT_EMIT_LOC_STRINGS = YES;
				SWIFT_VERSION = 5.0;
				TARGETED_DEVICE_FAMILY = "1,2";
			};
			name = Release;
		};
		3D3FFEF627592F7E00744A30 /* Debug */ = {
			isa = XCBuildConfiguration;
			buildSettings = {
				ALWAYS_EMBED_SWIFT_STANDARD_LIBRARIES = YES;
				BUNDLE_LOADER = "$(TEST_HOST)";
				CODE_SIGN_STYLE = Automatic;
				CURRENT_PROJECT_VERSION = 1;
				DEVELOPMENT_TEAM = J9P8F4UWBG;
				GENERATE_INFOPLIST_FILE = YES;
				IPHONEOS_DEPLOYMENT_TARGET = 15.0;
				LD_RUNPATH_SEARCH_PATHS = (
					"$(inherited)",
					"@executable_path/Frameworks",
					"@loader_path/Frameworks",
				);
				MARKETING_VERSION = 1.0;
				PRODUCT_BUNDLE_IDENTIFIER = akivlis.BitpandaChallengeTests;
				PRODUCT_NAME = "$(TARGET_NAME)";
				SWIFT_EMIT_LOC_STRINGS = NO;
				SWIFT_VERSION = 5.0;
				TARGETED_DEVICE_FAMILY = "1,2";
				TEST_HOST = "$(BUILT_PRODUCTS_DIR)/BitpandaChallenge.app/BitpandaChallenge";
			};
			name = Debug;
		};
		3D3FFEF727592F7E00744A30 /* Release */ = {
			isa = XCBuildConfiguration;
			buildSettings = {
				ALWAYS_EMBED_SWIFT_STANDARD_LIBRARIES = YES;
				BUNDLE_LOADER = "$(TEST_HOST)";
				CODE_SIGN_STYLE = Automatic;
				CURRENT_PROJECT_VERSION = 1;
				DEVELOPMENT_TEAM = J9P8F4UWBG;
				GENERATE_INFOPLIST_FILE = YES;
				IPHONEOS_DEPLOYMENT_TARGET = 15.0;
				LD_RUNPATH_SEARCH_PATHS = (
					"$(inherited)",
					"@executable_path/Frameworks",
					"@loader_path/Frameworks",
				);
				MARKETING_VERSION = 1.0;
				PRODUCT_BUNDLE_IDENTIFIER = akivlis.BitpandaChallengeTests;
				PRODUCT_NAME = "$(TARGET_NAME)";
				SWIFT_EMIT_LOC_STRINGS = NO;
				SWIFT_VERSION = 5.0;
				TARGETED_DEVICE_FAMILY = "1,2";
				TEST_HOST = "$(BUILT_PRODUCTS_DIR)/BitpandaChallenge.app/BitpandaChallenge";
			};
			name = Release;
		};
		3D3FFEF927592F7E00744A30 /* Debug */ = {
			isa = XCBuildConfiguration;
			buildSettings = {
				ALWAYS_EMBED_SWIFT_STANDARD_LIBRARIES = YES;
				CODE_SIGN_STYLE = Automatic;
				CURRENT_PROJECT_VERSION = 1;
				DEVELOPMENT_TEAM = J9P8F4UWBG;
				GENERATE_INFOPLIST_FILE = YES;
				LD_RUNPATH_SEARCH_PATHS = (
					"$(inherited)",
					"@executable_path/Frameworks",
					"@loader_path/Frameworks",
				);
				MARKETING_VERSION = 1.0;
				PRODUCT_BUNDLE_IDENTIFIER = akivlis.BitpandaChallengeUITests;
				PRODUCT_NAME = "$(TARGET_NAME)";
				SWIFT_EMIT_LOC_STRINGS = NO;
				SWIFT_VERSION = 5.0;
				TARGETED_DEVICE_FAMILY = "1,2";
				TEST_TARGET_NAME = BitpandaChallenge;
			};
			name = Debug;
		};
		3D3FFEFA27592F7E00744A30 /* Release */ = {
			isa = XCBuildConfiguration;
			buildSettings = {
				ALWAYS_EMBED_SWIFT_STANDARD_LIBRARIES = YES;
				CODE_SIGN_STYLE = Automatic;
				CURRENT_PROJECT_VERSION = 1;
				DEVELOPMENT_TEAM = J9P8F4UWBG;
				GENERATE_INFOPLIST_FILE = YES;
				LD_RUNPATH_SEARCH_PATHS = (
					"$(inherited)",
					"@executable_path/Frameworks",
					"@loader_path/Frameworks",
				);
				MARKETING_VERSION = 1.0;
				PRODUCT_BUNDLE_IDENTIFIER = akivlis.BitpandaChallengeUITests;
				PRODUCT_NAME = "$(TARGET_NAME)";
				SWIFT_EMIT_LOC_STRINGS = NO;
				SWIFT_VERSION = 5.0;
				TARGETED_DEVICE_FAMILY = "1,2";
				TEST_TARGET_NAME = BitpandaChallenge;
			};
			name = Release;
		};
/* End XCBuildConfiguration section */

/* Begin XCConfigurationList section */
		3D3FFEC327592F7D00744A30 /* Build configuration list for PBXProject "BitpandaChallenge" */ = {
			isa = XCConfigurationList;
			buildConfigurations = (
				3D3FFEF027592F7E00744A30 /* Debug */,
				3D3FFEF127592F7E00744A30 /* Release */,
			);
			defaultConfigurationIsVisible = 0;
			defaultConfigurationName = Release;
		};
		3D3FFEF227592F7E00744A30 /* Build configuration list for PBXNativeTarget "BitpandaChallenge" */ = {
			isa = XCConfigurationList;
			buildConfigurations = (
				3D3FFEF327592F7E00744A30 /* Debug */,
				3D3FFEF427592F7E00744A30 /* Release */,
			);
			defaultConfigurationIsVisible = 0;
			defaultConfigurationName = Release;
		};
		3D3FFEF527592F7E00744A30 /* Build configuration list for PBXNativeTarget "BitpandaChallengeTests" */ = {
			isa = XCConfigurationList;
			buildConfigurations = (
				3D3FFEF627592F7E00744A30 /* Debug */,
				3D3FFEF727592F7E00744A30 /* Release */,
			);
			defaultConfigurationIsVisible = 0;
			defaultConfigurationName = Release;
		};
		3D3FFEF827592F7E00744A30 /* Build configuration list for PBXNativeTarget "BitpandaChallengeUITests" */ = {
			isa = XCConfigurationList;
			buildConfigurations = (
				3D3FFEF927592F7E00744A30 /* Debug */,
				3D3FFEFA27592F7E00744A30 /* Release */,
			);
			defaultConfigurationIsVisible = 0;
			defaultConfigurationName = Release;
		};
/* End XCConfigurationList section */

/* Begin XCRemoteSwiftPackageReference section */
		3D3FFEFD275930FB00744A30 /* XCRemoteSwiftPackageReference "SnapKit" */ = {
			isa = XCRemoteSwiftPackageReference;
			repositoryURL = "https://github.com/SnapKit/SnapKit.git";
			requirement = {
				kind = upToNextMajorVersion;
				minimumVersion = 5.0.1;
			};
		};
		3D3FFF0827666AD600744A30 /* XCRemoteSwiftPackageReference "RxDataSources" */ = {
			isa = XCRemoteSwiftPackageReference;
			repositoryURL = "https://github.com/RxSwiftCommunity/RxDataSources.git";
			requirement = {
				kind = upToNextMajorVersion;
				minimumVersion = 5.0.0;
			};
		};
/* End XCRemoteSwiftPackageReference section */

/* Begin XCSwiftPackageProductDependency section */
		3D3FFEFE275930FB00744A30 /* SnapKit */ = {
			isa = XCSwiftPackageProductDependency;
			package = 3D3FFEFD275930FB00744A30 /* XCRemoteSwiftPackageReference "SnapKit" */;
			productName = SnapKit;
		};
		3D3FFF0927666AD600744A30 /* RxDataSources */ = {
			isa = XCSwiftPackageProductDependency;
			package = 3D3FFF0827666AD600744A30 /* XCRemoteSwiftPackageReference "RxDataSources" */;
			productName = RxDataSources;
		};
/* End XCSwiftPackageProductDependency section */
	};
	rootObject = 3D3FFEC027592F7D00744A30 /* Project object */;
}
